# THIS IS AN AUTOGENERATED FILE. DO NOT EDIT THIS FILE DIRECTLY.
# yarn lockfile v1


"@commitlint/config-conventional@^17.6.3":
  "integrity" "sha512-bLyHEjjRWqlLQWIgYFHmUPbEFMOOLXeF3QbUinDIJev/u9e769tkoTH9YPknEywiuIrAgZaVo+OfzAIsJP0fsw=="
  "resolved" "https://registry.npmjs.org/@commitlint/config-conventional/-/config-conventional-17.6.3.tgz"
  "version" "17.6.3"
  dependencies:
    "conventional-changelog-conventionalcommits" "^5.0.0"

"@devcontainers/cli@^0.41.0":
  "integrity" "sha512-eRMxkvCqwrD8504ORDjPXGmc0NoH12kYSTWAH1FUG+zlQTGZliUsyVNp9xLvDovpkYrOvnAmJ9jqKnlpfOjk6Q=="
  "resolved" "https://registry.npmjs.org/@devcontainers/cli/-/cli-0.41.0.tgz"
  "version" "0.41.0"
  dependencies:
    "node-pty" "^0.10.1"

"array-ify@^1.0.0":
  "integrity" "sha512-c5AMf34bKdvPhQ7tBGhqkgKNUzMr4WUs+WDtC2ZUGOUncbxKMTvqxYctiseW3+L4bA8ec+GcZ6/A/FW4m8ukng=="
  "resolved" "https://registry.npmjs.org/array-ify/-/array-ify-1.0.0.tgz"
  "version" "1.0.0"

"compare-func@^2.0.0":
  "integrity" "sha512-zHig5N+tPWARooBnb0Zx1MFcdfpyJrfTJ3Y5L+IFvUm8rM74hHz66z0gw0x4tijh5CorKkKUCnW82R2vmpeCRA=="
  "resolved" "https://registry.npmjs.org/compare-func/-/compare-func-2.0.0.tgz"
  "version" "2.0.0"
  dependencies:
    "array-ify" "^1.0.0"
    "dot-prop" "^5.1.0"

"conventional-changelog-conventionalcommits@^5.0.0":
  "integrity" "sha512-lCDbA+ZqVFQGUj7h9QBKoIpLhl8iihkO0nCTyRNzuXtcd7ubODpYB04IFy31JloiJgG0Uovu8ot8oxRzn7Nwtw=="
  "resolved" "https://registry.npmjs.org/conventional-changelog-conventionalcommits/-/conventional-changelog-conventionalcommits-5.0.0.tgz"
  "version" "5.0.0"
  dependencies:
    "compare-func" "^2.0.0"
    "lodash" "^4.17.15"
    "q" "^1.5.1"

"dot-prop@^5.1.0":
  "integrity" "sha512-QM8q3zDe58hqUqjraQOmzZ1LIH9SWQJTlEKCH4kJ2oQvLZk7RbQXvtDM2XEq3fwkV9CCvvH4LA0AV+ogFsBM2Q=="
  "resolved" "https://registry.npmjs.org/dot-prop/-/dot-prop-5.3.0.tgz"
  "version" "5.3.0"
  dependencies:
    "is-obj" "^2.0.0"

"husky@^8.0.3":
  "integrity" "sha512-+dQSyqPh4x1hlO1swXBiNb2HzTDN1I2IGLQx1GrBuiqFJfoMrnZWwVmatvSiO+Iz8fBUnf+lekwNo4c2LlXItg=="
  "resolved" "https://registry.npmjs.org/husky/-/husky-8.0.3.tgz"
  "version" "8.0.3"

"is-obj@^2.0.0":
  "integrity" "sha512-drqDG3cbczxxEJRoOXcOjtdp1J/lyp1mNn0xaznRs8+muBhgQcrnbspox5X5fOw0HnMnbfDzvnEMEtqDEJEo8w=="
  "resolved" "https://registry.npmjs.org/is-obj/-/is-obj-2.0.0.tgz"
  "version" "2.0.0"

"lodash@^4.17.15":
  "integrity" "sha512-v2kDEe57lecTulaDIuNTPy3Ry4gLGJ6Z1O3vE1krgXZNrsQ+LFTGHVxVjcXPs17LhbZVGedAJv8XZ1tvj5FvSg=="
  "resolved" "https://registry.npmjs.org/lodash/-/lodash-4.17.21.tgz"
  "version" "4.17.21"

"nan@^2.14.0":
  "integrity" "sha512-2ZTgtl0nJsO0KQCjEpxcIr5D+Yv90plTitZt9JBfQvVJDS5seMl3FOvsh3+9CoYWXf/1l5OaZzzF6nDm4cagaQ=="
  "resolved" "https://registry.npmjs.org/nan/-/nan-2.17.0.tgz"
  "version" "2.17.0"

"node-pty@^0.10.1":
  "integrity" "sha512-JTdtUS0Im/yRsWJSx7yiW9rtpfmxqxolrtnyKwPLI+6XqTAPW/O2MjS8FYL4I5TsMbH2lVgDb2VMjp+9LoQGNg=="
  "resolved" "https://registry.npmjs.org/node-pty/-/node-pty-0.10.1.tgz"
  "version" "0.10.1"
  dependencies:
    "nan" "^2.14.0"

"q@^1.5.1":
  "integrity" "sha512-kV/CThkXo6xyFEZUugw/+pIOywXcDbFYgSct5cT3gqlbkBE1SJdwy6UQoZvodiWF/ckQLZyDE/Bu1M6gVu5lVw=="
  "resolved" "https://registry.npmjs.org/q/-/q-1.5.1.tgz"
  "version" "1.5.1"
